
Microsoft Visual Studio Solution File, Format Version 12.00
# Visual Studio 15
VisualStudioVersion = 15.0.27703.2000
MinimumVisualStudioVersion = 10.0.40219.1
Project("{FAE04EC0-301F-11D3-BF4B-00C04F79EFBC}") = "IME Application", "LoginForm\IME Application.csproj", "{5B3B1A7F-4EAC-47B4-A7CD-112B561FDFA9}"
EndProject
Project("{54435603-DBB4-11D2-8724-00A0C9A8B90C}") = "IMECRM", "IMECRM\IMECRM.vdproj", "{CA38E2CC-24A8-41AA-AFA1-0EF3AEFECD6A}"
EndProject
Global
	GlobalSection(SolutionConfigurationPlatforms) = preSolution
		Debug|Any CPU = Debug|Any CPU
		Release|Any CPU = Release|Any CPU
	EndGlobalSection
	GlobalSection(ProjectConfigurationPlatforms) = postSolution
		{5B3B1A7F-4EAC-47B4-A7CD-112B561FDFA9}.Debug|Any CPU.ActiveCfg = Debug|Any CPU
		{5B3B1A7F-4EAC-47B4-A7CD-112B561FDFA9}.Debug|Any CPU.Build.0 = Debug|Any CPU
		{5B3B1A7F-4EAC-47B4-A7CD-112B561FDFA9}.Release|Any CPU.ActiveCfg = Release|Any CPU
		{5B3B1A7F-4EAC-47B4-A7CD-112B561FDFA9}.Release|Any CPU.Build.0 = Release|Any CPU
		{CA38E2CC-24A8-41AA-AFA1-0EF3AEFECD6A}.Debug|Any CPU.ActiveCfg = Debug
		{CA38E2CC-24A8-41AA-AFA1-0EF3AEFECD6A}.Release|Any CPU.ActiveCfg = Release
	EndGlobalSection
	GlobalSection(SolutionProperties) = preSolution
		HideSolutionNode = FALSE
	EndGlobalSection
	GlobalSection(ExtensibilityGlobals) = postSolution
		SolutionGuid = {7A3A049C-2533-4C17-ABD7-E71DF7D4FDFA}
	EndGlobalSection
EndGlobal
